
Microsoft Visual Studio Solution File, Format Version 12.00
# Visual Studio Version 17
VisualStudioVersion = 17.9.34616.47
MinimumVisualStudioVersion = 10.0.40219.1
Project("{FAE04EC0-301F-11D3-BF4B-00C04F79EFBC}") = "MilkyProject.WebApi", "MilkyProject.WebApi\MilkyProject.WebApi.csproj", "{37EA231E-E2DC-485A-95A0-E3B23C276160}"
EndProject
Project("{FAE04EC0-301F-11D3-BF4B-00C04F79EFBC}") = "MilkyProject.BusinessLayer", "MilkyProject.BusinessLayer\MilkyProject.BusinessLayer.csproj", "{757147DD-1B5F-45BD-A627-F602499DF765}"
EndProject
Project("{FAE04EC0-301F-11D3-BF4B-00C04F79EFBC}") = "MilkyProject.DataAccessLayer", "MilkyProject.DataAccessLayer\MilkyProject.DataAccessLayer.csproj", "{39D6ED2C-803F-4E3A-80B6-EB42E5ABC2EE}"
EndProject
Project("{FAE04EC0-301F-11D3-BF4B-00C04F79EFBC}") = "MilkyProject.DtoLayer", "MilkyProject.DtoLayer\MilkyProject.DtoLayer.csproj", "{8D922591-75DD-45E8-AB64-F4B202FDC16A}"
EndProject
Project("{FAE04EC0-301F-11D3-BF4B-00C04F79EFBC}") = "MilkyProject.EntityLayer", "MilkyProject.EntityLayer\MilkyProject.EntityLayer.csproj", "{DF37CBC2-1A5A-4E3B-99A1-D6DEF1508173}"
EndProject
Global
	GlobalSection(SolutionConfigurationPlatforms) = preSolution
		Debug|Any CPU = Debug|Any CPU
		Release|Any CPU = Release|Any CPU
	EndGlobalSection
	GlobalSection(ProjectConfigurationPlatforms) = postSolution
		{37EA231E-E2DC-485A-95A0-E3B23C276160}.Debug|Any CPU.ActiveCfg = Debug|Any CPU
		{37EA231E-E2DC-485A-95A0-E3B23C276160}.Debug|Any CPU.Build.0 = Debug|Any CPU
		{37EA231E-E2DC-485A-95A0-E3B23C276160}.Release|Any CPU.ActiveCfg = Release|Any CPU
		{37EA231E-E2DC-485A-95A0-E3B23C276160}.Release|Any CPU.Build.0 = Release|Any CPU
		{757147DD-1B5F-45BD-A627-F602499DF765}.Debug|Any CPU.ActiveCfg = Debug|Any CPU
		{757147DD-1B5F-45BD-A627-F602499DF765}.Debug|Any CPU.Build.0 = Debug|Any CPU
		{757147DD-1B5F-45BD-A627-F602499DF765}.Release|Any CPU.ActiveCfg = Release|Any CPU
		{757147DD-1B5F-45BD-A627-F602499DF765}.Release|Any CPU.Build.0 = Release|Any CPU
		{39D6ED2C-803F-4E3A-80B6-EB42E5ABC2EE}.Debug|Any CPU.ActiveCfg = Debug|Any CPU
		{39D6ED2C-803F-4E3A-80B6-EB42E5ABC2EE}.Debug|Any CPU.Build.0 = Debug|Any CPU
		{39D6ED2C-803F-4E3A-80B6-EB42E5ABC2EE}.Release|Any CPU.ActiveCfg = Release|Any CPU
		{39D6ED2C-803F-4E3A-80B6-EB42E5ABC2EE}.Release|Any CPU.Build.0 = Release|Any CPU
		{8D922591-75DD-45E8-AB64-F4B202FDC16A}.Debug|Any CPU.ActiveCfg = Debug|Any CPU
		{8D922591-75DD-45E8-AB64-F4B202FDC16A}.Debug|Any CPU.Build.0 = Debug|Any CPU
		{8D922591-75DD-45E8-AB64-F4B202FDC16A}.Release|Any CPU.ActiveCfg = Release|Any CPU
		{8D922591-75DD-45E8-AB64-F4B202FDC16A}.Release|Any CPU.Build.0 = Release|Any CPU
		{DF37CBC2-1A5A-4E3B-99A1-D6DEF1508173}.Debug|Any CPU.ActiveCfg = Debug|Any CPU
		{DF37CBC2-1A5A-4E3B-99A1-D6DEF1508173}.Debug|Any CPU.Build.0 = Debug|Any CPU
		{DF37CBC2-1A5A-4E3B-99A1-D6DEF1508173}.Release|Any CPU.ActiveCfg = Release|Any CPU
		{DF37CBC2-1A5A-4E3B-99A1-D6DEF1508173}.Release|Any CPU.Build.0 = Release|Any CPU
	EndGlobalSection
	GlobalSection(SolutionProperties) = preSolution
		HideSolutionNode = FALSE
	EndGlobalSection
	GlobalSection(ExtensibilityGlobals) = postSolution
		SolutionGuid = {454832C5-393F-4460-8F5D-D78547CEC168}
	EndGlobalSection
EndGlobal
